
Microsoft Visual Studio Solution File, Format Version 12.00
# Visual Studio Version 16
VisualStudioVersion = 16.0.29009.5
MinimumVisualStudioVersion = 10.0.40219.1
Project("{FAE04EC0-301F-11D3-BF4B-00C04F79EFBC}") = "HanoiTourist", "HanoiTourist\HanoiTourist.csproj", "{35B1B49A-1E46-4F63-8083-C762276C9EA4}"
EndProject
Global
	GlobalSection(SolutionConfigurationPlatforms) = preSolution
		Debug|Any CPU = Debug|Any CPU
		Release|Any CPU = Release|Any CPU
	EndGlobalSection
	GlobalSection(ProjectConfigurationPlatforms) = postSolution
		{35B1B49A-1E46-4F63-8083-C762276C9EA4}.Debug|Any CPU.ActiveCfg = Debug|Any CPU
		{35B1B49A-1E46-4F63-8083-C762276C9EA4}.Debug|Any CPU.Build.0 = Debug|Any CPU
		{35B1B49A-1E46-4F63-8083-C762276C9EA4}.Release|Any CPU.ActiveCfg = Release|Any CPU
		{35B1B49A-1E46-4F63-8083-C762276C9EA4}.Release|Any CPU.Build.0 = Release|Any CPU
	EndGlobalSection
	GlobalSection(SolutionProperties) = preSolution
		HideSolutionNode = FALSE
	EndGlobalSection
	GlobalSection(ExtensibilityGlobals) = postSolution
		SolutionGuid = {C00FA7B2-1C90-475A-8F3F-3EA02EC76B0D}
	EndGlobalSection
EndGlobal
